{
  "lockfileVersion": 1,
  "workspaces": {
    "": {
      "dependencies": {
        "katex": "^0.16.22",
      },
    },
  },
  "packages": {
    "commander": ["commander@8.3.0", "", {}, "sha512-OkTL9umf+He2DZkUq8f8J9of7yL6RJKI24dVITBmNfZBmri9zYZQrKkuXiKhyfPSu8tUhnVBB1iKXevvnlR4Ww=="],

    "katex": ["katex@0.16.22", "", { "dependencies": { "commander": "^8.3.0" }, "bin": "cli.js" }, "sha512-XCHRdUw4lf3SKBaJe4EvgqIuWwkPSo9XoeO8GjQW94Bp7TWv9hNhzZjZ+OH9yf1UmLygb7DIT5GSFQiyt16zYg=="],
  }
}
